
Microsoft Visual Studio Solution File, Format Version 12.00
# Visual Studio Version 17
VisualStudioVersion = 17.7.34202.233
MinimumVisualStudioVersion = 10.0.40219.1
Project("{FAE04EC0-301F-11D3-BF4B-00C04F79EFBC}") = "Calculadora", "Calculadora\Calculadora.csproj", "{F1B025B3-06B3-4FB2-841B-EF0683A16286}"
EndProject
Global
	GlobalSection(SolutionConfigurationPlatforms) = preSolution
		Debug|Any CPU = Debug|Any CPU
		Release|Any CPU = Release|Any CPU
	EndGlobalSection
	GlobalSection(ProjectConfigurationPlatforms) = postSolution
		{F1B025B3-06B3-4FB2-841B-EF0683A16286}.Debug|Any CPU.ActiveCfg = Debug|Any CPU
		{F1B025B3-06B3-4FB2-841B-EF0683A16286}.Debug|Any CPU.Build.0 = Debug|Any CPU
		{F1B025B3-06B3-4FB2-841B-EF0683A16286}.Release|Any CPU.ActiveCfg = Release|Any CPU
		{F1B025B3-06B3-4FB2-841B-EF0683A16286}.Release|Any CPU.Build.0 = Release|Any CPU
	EndGlobalSection
	GlobalSection(SolutionProperties) = preSolution
		HideSolutionNode = FALSE
	EndGlobalSection
	GlobalSection(ExtensibilityGlobals) = postSolution
		SolutionGuid = {2B79C7DF-A45E-4AAB-A336-CB89DD68143C}
	EndGlobalSection
EndGlobal
